
Microsoft Visual Studio Solution File, Format Version 12.00
# Visual Studio Version 16
VisualStudioVersion = 16.0.29326.143
MinimumVisualStudioVersion = 10.0.40219.1
Project("{8BC9CEB8-8B4A-11D0-8D11-00A0C91BC942}") = "Lab1", "Lab1\Lab1.vcxproj", "{232B612C-E719-4B51-B499-9A371FBD059F}"
EndProject
Global
	GlobalSection(SolutionConfigurationPlatforms) = preSolution
		Debug|x64 = Debug|x64
		Debug|x86 = Debug|x86
		Release|x64 = Release|x64
		Release|x86 = Release|x86
	EndGlobalSection
	GlobalSection(ProjectConfigurationPlatforms) = postSolution
		{232B612C-E719-4B51-B499-9A371FBD059F}.Debug|x64.ActiveCfg = Debug|x64
		{232B612C-E719-4B51-B499-9A371FBD059F}.Debug|x64.Build.0 = Debug|x64
		{232B612C-E719-4B51-B499-9A371FBD059F}.Debug|x86.ActiveCfg = Debug|Win32
		{232B612C-E719-4B51-B499-9A371FBD059F}.Debug|x86.Build.0 = Debug|Win32
		{232B612C-E719-4B51-B499-9A371FBD059F}.Release|x64.ActiveCfg = Release|x64
		{232B612C-E719-4B51-B499-9A371FBD059F}.Release|x64.Build.0 = Release|x64
		{232B612C-E719-4B51-B499-9A371FBD059F}.Release|x86.ActiveCfg = Release|Win32
		{232B612C-E719-4B51-B499-9A371FBD059F}.Release|x86.Build.0 = Release|Win32
	EndGlobalSection
	GlobalSection(SolutionProperties) = preSolution
		HideSolutionNode = FALSE
	EndGlobalSection
	GlobalSection(ExtensibilityGlobals) = postSolution
		SolutionGuid = {881292B2-BD11-4C97-AEE7-467F843CABB8}
	EndGlobalSection
EndGlobal
