
Microsoft Visual Studio Solution File, Format Version 12.00
# Visual Studio Version 16
VisualStudioVersion = 16.0.29326.143
MinimumVisualStudioVersion = 10.0.40219.1
Project("{FAE04EC0-301F-11D3-BF4B-00C04F79EFBC}") = "Lab2", "Lab2.csproj", "{F89F8273-6986-4CC6-8AA6-7CBFA397A1C1}"
EndProject
Global
	GlobalSection(SolutionConfigurationPlatforms) = preSolution
		Debug|Any CPU = Debug|Any CPU
		Release|Any CPU = Release|Any CPU
	EndGlobalSection
	GlobalSection(ProjectConfigurationPlatforms) = postSolution
		{F89F8273-6986-4CC6-8AA6-7CBFA397A1C1}.Debug|Any CPU.ActiveCfg = Debug|Any CPU
		{F89F8273-6986-4CC6-8AA6-7CBFA397A1C1}.Debug|Any CPU.Build.0 = Debug|Any CPU
		{F89F8273-6986-4CC6-8AA6-7CBFA397A1C1}.Release|Any CPU.ActiveCfg = Release|Any CPU
		{F89F8273-6986-4CC6-8AA6-7CBFA397A1C1}.Release|Any CPU.Build.0 = Release|Any CPU
	EndGlobalSection
	GlobalSection(SolutionProperties) = preSolution
		HideSolutionNode = FALSE
	EndGlobalSection
	GlobalSection(ExtensibilityGlobals) = postSolution
		SolutionGuid = {FF7656FC-0962-483A-AC6A-B87D59A2CC76}
	EndGlobalSection
EndGlobal
